
Microsoft Visual Studio Solution File, Format Version 12.00
# Visual Studio Version 16
VisualStudioVersion = 16.0.30011.22
MinimumVisualStudioVersion = 10.0.40219.1
Project("{FAE04EC0-301F-11D3-BF4B-00C04F79EFBC}") = "WeatherWinFormsApp", "WeatherWinFormsApp\WeatherWinFormsApp.csproj", "{213349A9-5ED9-4D3A-B606-A073F4702463}"
EndProject
Global
	GlobalSection(SolutionConfigurationPlatforms) = preSolution
		Debug|Any CPU = Debug|Any CPU
		Release|Any CPU = Release|Any CPU
	EndGlobalSection
	GlobalSection(ProjectConfigurationPlatforms) = postSolution
		{213349A9-5ED9-4D3A-B606-A073F4702463}.Debug|Any CPU.ActiveCfg = Debug|Any CPU
		{213349A9-5ED9-4D3A-B606-A073F4702463}.Debug|Any CPU.Build.0 = Debug|Any CPU
		{213349A9-5ED9-4D3A-B606-A073F4702463}.Release|Any CPU.ActiveCfg = Release|Any CPU
		{213349A9-5ED9-4D3A-B606-A073F4702463}.Release|Any CPU.Build.0 = Release|Any CPU
	EndGlobalSection
	GlobalSection(SolutionProperties) = preSolution
		HideSolutionNode = FALSE
	EndGlobalSection
	GlobalSection(ExtensibilityGlobals) = postSolution
		SolutionGuid = {BFA4E2B8-1EE5-49BC-8C79-95E0BA4C264B}
	EndGlobalSection
EndGlobal
